
Microsoft Visual Studio Solution File, Format Version 12.00
# Visual Studio Version 17
VisualStudioVersion = 17.14.36603.0
MinimumVisualStudioVersion = 10.0.40219.1
Project("{FAE04EC0-301F-11D3-BF4B-00C04F79EFBC}") = "Giris", "Giris\Giris.csproj", "{3B5D14A5-B78C-4B63-AD21-E9703EF2B2F4}"
EndProject
Project("{FAE04EC0-301F-11D3-BF4B-00C04F79EFBC}") = "HelloWorldProjesi", "HelloWorldProjesi\HelloWorldProjesi.csproj", "{76DCC81D-3542-4043-838F-7F24A48B5585}"
EndProject
Project("{FAE04EC0-301F-11D3-BF4B-00C04F79EFBC}") = "ShortVeriTipi", "ShortVeriTipi\ShortVeriTipi.csproj", "{1EE701E7-A564-4AD3-AB0F-82CD01171A26}"
EndProject
Project("{FAE04EC0-301F-11D3-BF4B-00C04F79EFBC}") = "intVeriTipi", "intVeriTipi\intVeriTipi.csproj", "{8CC46BBF-E17B-4D6A-AA09-0F212AEDEBC8}"
EndProject
Project("{FAE04EC0-301F-11D3-BF4B-00C04F79EFBC}") = "ByteProjesii", "ByteProjesii\ByteProjesii.csproj", "{1CD5381F-611B-4EBC-A602-9D8DA4D69FE5}"
EndProject
Project("{FAE04EC0-301F-11D3-BF4B-00C04F79EFBC}") = "longVeriTipi", "longVeriTipi\longVeriTipi.csproj", "{15EABF63-77CE-4D35-B2E1-E1C429AF88A8}"
EndProject
Project("{FAE04EC0-301F-11D3-BF4B-00C04F79EFBC}") = "floatVeriTipi", "floatVeriTipi\floatVeriTipi.csproj", "{CE1F5509-7442-40AC-9189-9844B0E9A214}"
EndProject
Project("{FAE04EC0-301F-11D3-BF4B-00C04F79EFBC}") = "doubleVeriTipi", "doubleVeriTipi\doubleVeriTipi.csproj", "{4C98DA70-DF7C-4029-A036-FC49F2E9F2AF}"
EndProject
Project("{FAE04EC0-301F-11D3-BF4B-00C04F79EFBC}") = "charVeriTipi", "charVeriTipi\charVeriTipi.csproj", "{385F5F4C-087D-4C56-B1E4-E8D78DD51FBB}"
EndProject
Project("{2150E333-8FDC-42A3-9474-1A3956D46DE8}") = "Solution Items", "Solution Items", "{02EA681E-C7D8-13C7-8484-4AC65E1B71E8}"
EndProject
Project("{FAE04EC0-301F-11D3-BF4B-00C04F79EFBC}") = "stringVeriTipi", "stringVeriTipi\stringVeriTipi.csproj", "{EF89BA5B-CB39-446B-885F-B2F603C5F57B}"
EndProject
Project("{FAE04EC0-301F-11D3-BF4B-00C04F79EFBC}") = "booleanVeriTipi", "booleanVeriTipi\booleanVeriTipi.csproj", "{22B2929F-294B-4232-A622-1279385C5C65}"
EndProject
Project("{FAE04EC0-301F-11D3-BF4B-00C04F79EFBC}") = "toplama_ve_cıkarma_operatorleri", "toplama_ve_cıkarma_operatorleri\toplama_ve_cıkarma_operatorleri.csproj", "{21A58FA0-AEE6-4B12-8926-00582A79E30D}"
EndProject
Project("{FAE04EC0-301F-11D3-BF4B-00C04F79EFBC}") = "carpma_ve_bolme_operatoru", "carpma_ve_bolme_operatoru\carpma_ve_bolme_operatoru.csproj", "{5C46999C-9F08-4E7E-9D01-82D4673493E9}"
EndProject
Project("{FAE04EC0-301F-11D3-BF4B-00C04F79EFBC}") = "mod_alma_operatoru", "mod_alma_operatoru\mod_alma_operatoru.csproj", "{5D0822D1-0393-49F7-A186-D8E04A653BA5}"
EndProject
Project("{FAE04EC0-301F-11D3-BF4B-00C04F79EFBC}") = "arttırma_ve_azaltma_operatorleri", "arttırma_ve_azaltma_operatorleri\arttırma_ve_azaltma_operatorleri.csproj", "{2C84AA51-3B91-44C5-BBB9-D9E2DE780718}"
EndProject
Project("{FAE04EC0-301F-11D3-BF4B-00C04F79EFBC}") = "WinFormsApp1", "WinFormsApp1\WinFormsApp1.csproj", "{6B77AD8A-D1D8-427F-90BB-3259D74CF23E}"
EndProject
Project("{FAE04EC0-301F-11D3-BF4B-00C04F79EFBC}") = "buyuk_kucuk_esittir_operatorleri", "buyuk_kucuk_esittir\buyuk_kucuk_esittir_operatorleri.csproj", "{43CDDA7F-9BD3-4EFB-9266-17F24AA8672D}"
EndProject
Project("{FAE04EC0-301F-11D3-BF4B-00C04F79EFBC}") = "and_operatoru", "and_operatoru\and_operatoru.csproj", "{E0F086BE-E222-4A04-A9D2-2959ECD36479}"
EndProject
Project("{FAE04EC0-301F-11D3-BF4B-00C04F79EFBC}") = "or_operatoru", "or_operatoru\or_operatoru.csproj", "{58CE49FA-4B91-4D35-AF94-254628B20500}"
EndProject
Global
	GlobalSection(SolutionConfigurationPlatforms) = preSolution
		Debug|Any CPU = Debug|Any CPU
		Release|Any CPU = Release|Any CPU
	EndGlobalSection
	GlobalSection(ProjectConfigurationPlatforms) = postSolution
		{3B5D14A5-B78C-4B63-AD21-E9703EF2B2F4}.Debug|Any CPU.ActiveCfg = Debug|Any CPU
		{3B5D14A5-B78C-4B63-AD21-E9703EF2B2F4}.Debug|Any CPU.Build.0 = Debug|Any CPU
		{3B5D14A5-B78C-4B63-AD21-E9703EF2B2F4}.Release|Any CPU.ActiveCfg = Release|Any CPU
		{3B5D14A5-B78C-4B63-AD21-E9703EF2B2F4}.Release|Any CPU.Build.0 = Release|Any CPU
		{76DCC81D-3542-4043-838F-7F24A48B5585}.Debug|Any CPU.ActiveCfg = Debug|Any CPU
		{76DCC81D-3542-4043-838F-7F24A48B5585}.Debug|Any CPU.Build.0 = Debug|Any CPU
		{76DCC81D-3542-4043-838F-7F24A48B5585}.Release|Any CPU.ActiveCfg = Release|Any CPU
		{76DCC81D-3542-4043-838F-7F24A48B5585}.Release|Any CPU.Build.0 = Release|Any CPU
		{1EE701E7-A564-4AD3-AB0F-82CD01171A26}.Debug|Any CPU.ActiveCfg = Debug|Any CPU
		{1EE701E7-A564-4AD3-AB0F-82CD01171A26}.Debug|Any CPU.Build.0 = Debug|Any CPU
		{1EE701E7-A564-4AD3-AB0F-82CD01171A26}.Release|Any CPU.ActiveCfg = Release|Any CPU
		{1EE701E7-A564-4AD3-AB0F-82CD01171A26}.Release|Any CPU.Build.0 = Release|Any CPU
		{8CC46BBF-E17B-4D6A-AA09-0F212AEDEBC8}.Debug|Any CPU.ActiveCfg = Debug|Any CPU
		{8CC46BBF-E17B-4D6A-AA09-0F212AEDEBC8}.Debug|Any CPU.Build.0 = Debug|Any CPU
		{8CC46BBF-E17B-4D6A-AA09-0F212AEDEBC8}.Release|Any CPU.ActiveCfg = Release|Any CPU
		{8CC46BBF-E17B-4D6A-AA09-0F212AEDEBC8}.Release|Any CPU.Build.0 = Release|Any CPU
		{1CD5381F-611B-4EBC-A602-9D8DA4D69FE5}.Debug|Any CPU.ActiveCfg = Debug|Any CPU
		{1CD5381F-611B-4EBC-A602-9D8DA4D69FE5}.Debug|Any CPU.Build.0 = Debug|Any CPU
		{1CD5381F-611B-4EBC-A602-9D8DA4D69FE5}.Release|Any CPU.ActiveCfg = Release|Any CPU
		{1CD5381F-611B-4EBC-A602-9D8DA4D69FE5}.Release|Any CPU.Build.0 = Release|Any CPU
		{15EABF63-77CE-4D35-B2E1-E1C429AF88A8}.Debug|Any CPU.ActiveCfg = Debug|Any CPU
		{15EABF63-77CE-4D35-B2E1-E1C429AF88A8}.Debug|Any CPU.Build.0 = Debug|Any CPU
		{15EABF63-77CE-4D35-B2E1-E1C429AF88A8}.Release|Any CPU.ActiveCfg = Release|Any CPU
		{15EABF63-77CE-4D35-B2E1-E1C429AF88A8}.Release|Any CPU.Build.0 = Release|Any CPU
		{CE1F5509-7442-40AC-9189-9844B0E9A214}.Debug|Any CPU.ActiveCfg = Debug|Any CPU
		{CE1F5509-7442-40AC-9189-9844B0E9A214}.Debug|Any CPU.Build.0 = Debug|Any CPU
		{CE1F5509-7442-40AC-9189-9844B0E9A214}.Release|Any CPU.ActiveCfg = Release|Any CPU
		{CE1F5509-7442-40AC-9189-9844B0E9A214}.Release|Any CPU.Build.0 = Release|Any CPU
		{4C98DA70-DF7C-4029-A036-FC49F2E9F2AF}.Debug|Any CPU.ActiveCfg = Debug|Any CPU
		{4C98DA70-DF7C-4029-A036-FC49F2E9F2AF}.Debug|Any CPU.Build.0 = Debug|Any CPU
		{4C98DA70-DF7C-4029-A036-FC49F2E9F2AF}.Release|Any CPU.ActiveCfg = Release|Any CPU
		{4C98DA70-DF7C-4029-A036-FC49F2E9F2AF}.Release|Any CPU.Build.0 = Release|Any CPU
		{385F5F4C-087D-4C56-B1E4-E8D78DD51FBB}.Debug|Any CPU.ActiveCfg = Debug|Any CPU
		{385F5F4C-087D-4C56-B1E4-E8D78DD51FBB}.Debug|Any CPU.Build.0 = Debug|Any CPU
		{385F5F4C-087D-4C56-B1E4-E8D78DD51FBB}.Release|Any CPU.ActiveCfg = Release|Any CPU
		{385F5F4C-087D-4C56-B1E4-E8D78DD51FBB}.Release|Any CPU.Build.0 = Release|Any CPU
		{EF89BA5B-CB39-446B-885F-B2F603C5F57B}.Debug|Any CPU.ActiveCfg = Debug|Any CPU
		{EF89BA5B-CB39-446B-885F-B2F603C5F57B}.Debug|Any CPU.Build.0 = Debug|Any CPU
		{EF89BA5B-CB39-446B-885F-B2F603C5F57B}.Release|Any CPU.ActiveCfg = Release|Any CPU
		{EF89BA5B-CB39-446B-885F-B2F603C5F57B}.Release|Any CPU.Build.0 = Release|Any CPU
		{22B2929F-294B-4232-A622-1279385C5C65}.Debug|Any CPU.ActiveCfg = Debug|Any CPU
		{22B2929F-294B-4232-A622-1279385C5C65}.Debug|Any CPU.Build.0 = Debug|Any CPU
		{22B2929F-294B-4232-A622-1279385C5C65}.Release|Any CPU.ActiveCfg = Release|Any CPU
		{22B2929F-294B-4232-A622-1279385C5C65}.Release|Any CPU.Build.0 = Release|Any CPU
		{21A58FA0-AEE6-4B12-8926-00582A79E30D}.Debug|Any CPU.ActiveCfg = Debug|Any CPU
		{21A58FA0-AEE6-4B12-8926-00582A79E30D}.Debug|Any CPU.Build.0 = Debug|Any CPU
		{21A58FA0-AEE6-4B12-8926-00582A79E30D}.Release|Any CPU.ActiveCfg = Release|Any CPU
		{21A58FA0-AEE6-4B12-8926-00582A79E30D}.Release|Any CPU.Build.0 = Release|Any CPU
		{5C46999C-9F08-4E7E-9D01-82D4673493E9}.Debug|Any CPU.ActiveCfg = Debug|Any CPU
		{5C46999C-9F08-4E7E-9D01-82D4673493E9}.Debug|Any CPU.Build.0 = Debug|Any CPU
		{5C46999C-9F08-4E7E-9D01-82D4673493E9}.Release|Any CPU.ActiveCfg = Release|Any CPU
		{5C46999C-9F08-4E7E-9D01-82D4673493E9}.Release|Any CPU.Build.0 = Release|Any CPU
		{5D0822D1-0393-49F7-A186-D8E04A653BA5}.Debug|Any CPU.ActiveCfg = Debug|Any CPU
		{5D0822D1-0393-49F7-A186-D8E04A653BA5}.Debug|Any CPU.Build.0 = Debug|Any CPU
		{5D0822D1-0393-49F7-A186-D8E04A653BA5}.Release|Any CPU.ActiveCfg = Release|Any CPU
		{5D0822D1-0393-49F7-A186-D8E04A653BA5}.Release|Any CPU.Build.0 = Release|Any CPU
		{2C84AA51-3B91-44C5-BBB9-D9E2DE780718}.Debug|Any CPU.ActiveCfg = Debug|Any CPU
		{2C84AA51-3B91-44C5-BBB9-D9E2DE780718}.Debug|Any CPU.Build.0 = Debug|Any CPU
		{2C84AA51-3B91-44C5-BBB9-D9E2DE780718}.Release|Any CPU.ActiveCfg = Release|Any CPU
		{2C84AA51-3B91-44C5-BBB9-D9E2DE780718}.Release|Any CPU.Build.0 = Release|Any CPU
		{6B77AD8A-D1D8-427F-90BB-3259D74CF23E}.Debug|Any CPU.ActiveCfg = Debug|Any CPU
		{6B77AD8A-D1D8-427F-90BB-3259D74CF23E}.Debug|Any CPU.Build.0 = Debug|Any CPU
		{6B77AD8A-D1D8-427F-90BB-3259D74CF23E}.Release|Any CPU.ActiveCfg = Release|Any CPU
		{6B77AD8A-D1D8-427F-90BB-3259D74CF23E}.Release|Any CPU.Build.0 = Release|Any CPU
		{43CDDA7F-9BD3-4EFB-9266-17F24AA8672D}.Debug|Any CPU.ActiveCfg = Debug|Any CPU
		{43CDDA7F-9BD3-4EFB-9266-17F24AA8672D}.Debug|Any CPU.Build.0 = Debug|Any CPU
		{43CDDA7F-9BD3-4EFB-9266-17F24AA8672D}.Release|Any CPU.ActiveCfg = Release|Any CPU
		{43CDDA7F-9BD3-4EFB-9266-17F24AA8672D}.Release|Any CPU.Build.0 = Release|Any CPU
		{E0F086BE-E222-4A04-A9D2-2959ECD36479}.Debug|Any CPU.ActiveCfg = Debug|Any CPU
		{E0F086BE-E222-4A04-A9D2-2959ECD36479}.Debug|Any CPU.Build.0 = Debug|Any CPU
		{E0F086BE-E222-4A04-A9D2-2959ECD36479}.Release|Any CPU.ActiveCfg = Release|Any CPU
		{E0F086BE-E222-4A04-A9D2-2959ECD36479}.Release|Any CPU.Build.0 = Release|Any CPU
		{58CE49FA-4B91-4D35-AF94-254628B20500}.Debug|Any CPU.ActiveCfg = Debug|Any CPU
		{58CE49FA-4B91-4D35-AF94-254628B20500}.Debug|Any CPU.Build.0 = Debug|Any CPU
		{58CE49FA-4B91-4D35-AF94-254628B20500}.Release|Any CPU.ActiveCfg = Release|Any CPU
		{58CE49FA-4B91-4D35-AF94-254628B20500}.Release|Any CPU.Build.0 = Release|Any CPU
	EndGlobalSection
	GlobalSection(SolutionProperties) = preSolution
		HideSolutionNode = FALSE
	EndGlobalSection
	GlobalSection(ExtensibilityGlobals) = postSolution
		SolutionGuid = {CA137109-7323-4A6E-A493-6BD92E4217AB}
	EndGlobalSection
EndGlobal
